
Microsoft Visual Studio Solution File, Format Version 12.00
# Visual Studio Version 16
VisualStudioVersion = 16.0.30804.86
MinimumVisualStudioVersion = 10.0.40219.1
Project("{9A19103F-16F7-4668-BE54-9A1E7A4F7556}") = "MasterServices", "MasterServices\MasterServices.csproj", "{3E3CBE3E-8696-4A0F-99D8-1D6549A8D85A}"
EndProject
Project("{9A19103F-16F7-4668-BE54-9A1E7A4F7556}") = "TransactionService", "TransactionService\TransactionService.csproj", "{AD4E4CCC-16C1-4230-A235-ADD719352036}"
EndProject
Global
	GlobalSection(SolutionConfigurationPlatforms) = preSolution
		Debug|Any CPU = Debug|Any CPU
		Release|Any CPU = Release|Any CPU
	EndGlobalSection
	GlobalSection(ProjectConfigurationPlatforms) = postSolution
		{3E3CBE3E-8696-4A0F-99D8-1D6549A8D85A}.Debug|Any CPU.ActiveCfg = Debug|Any CPU
		{3E3CBE3E-8696-4A0F-99D8-1D6549A8D85A}.Debug|Any CPU.Build.0 = Debug|Any CPU
		{3E3CBE3E-8696-4A0F-99D8-1D6549A8D85A}.Release|Any CPU.ActiveCfg = Release|Any CPU
		{3E3CBE3E-8696-4A0F-99D8-1D6549A8D85A}.Release|Any CPU.Build.0 = Release|Any CPU
		{AD4E4CCC-16C1-4230-A235-ADD719352036}.Debug|Any CPU.ActiveCfg = Debug|Any CPU
		{AD4E4CCC-16C1-4230-A235-ADD719352036}.Debug|Any CPU.Build.0 = Debug|Any CPU
		{AD4E4CCC-16C1-4230-A235-ADD719352036}.Release|Any CPU.ActiveCfg = Release|Any CPU
		{AD4E4CCC-16C1-4230-A235-ADD719352036}.Release|Any CPU.Build.0 = Release|Any CPU
	EndGlobalSection
	GlobalSection(SolutionProperties) = preSolution
		HideSolutionNode = FALSE
	EndGlobalSection
	GlobalSection(ExtensibilityGlobals) = postSolution
		SolutionGuid = {67EAA362-21B6-473E-A717-F78809168106}
	EndGlobalSection
EndGlobal
